
Microsoft Visual Studio Solution File, Format Version 12.00
# Visual Studio for Mac
Project("{FAE04EC0-301F-11D3-BF4B-00C04F79EFBC}") = "Assembly-CSharp", "Assembly-CSharp.csproj", "{438BE767-D04C-C2B9-A361-23BE0735D102}"
EndProject
Project("{FAE04EC0-301F-11D3-BF4B-00C04F79EFBC}") = "Assembly-CSharp-Editor", "Assembly-CSharp-Editor.csproj", "{8792969F-1B3D-B657-A24C-46B32A1918CE}"
EndProject
Global
	GlobalSection(SolutionConfigurationPlatforms) = preSolution
		Debug|Any CPU = Debug|Any CPU
		Release|Any CPU = Release|Any CPU
	EndGlobalSection
	GlobalSection(ProjectConfigurationPlatforms) = postSolution
		{438BE767-D04C-C2B9-A361-23BE0735D102}.Debug|Any CPU.ActiveCfg = Debug|Any CPU
		{438BE767-D04C-C2B9-A361-23BE0735D102}.Debug|Any CPU.Build.0 = Debug|Any CPU
		{438BE767-D04C-C2B9-A361-23BE0735D102}.Release|Any CPU.ActiveCfg = Release|Any CPU
		{438BE767-D04C-C2B9-A361-23BE0735D102}.Release|Any CPU.Build.0 = Release|Any CPU
		{8792969F-1B3D-B657-A24C-46B32A1918CE}.Debug|Any CPU.ActiveCfg = Debug|Any CPU
		{8792969F-1B3D-B657-A24C-46B32A1918CE}.Debug|Any CPU.Build.0 = Debug|Any CPU
		{8792969F-1B3D-B657-A24C-46B32A1918CE}.Release|Any CPU.ActiveCfg = Release|Any CPU
		{8792969F-1B3D-B657-A24C-46B32A1918CE}.Release|Any CPU.Build.0 = Release|Any CPU
	EndGlobalSection
	GlobalSection(SolutionProperties) = preSolution
		HideSolutionNode = FALSE
	EndGlobalSection
EndGlobal
